
Microsoft Visual Studio Solution File, Format Version 12.00
# Visual Studio Version 17
VisualStudioVersion = 17.6.33815.320
MinimumVisualStudioVersion = 10.0.40219.1
Project("{9A19103F-16F7-4668-BE54-9A1E7A4F7556}") = "Remnant2SaveAnalyzer", "Remnant2SaveAnalyzer\Remnant2SaveAnalyzer-dev.csproj", "{61D7EC72-AB05-43AE-943E-066C4F1F1520}"
EndProject
Project("{2150E333-8FDC-42A3-9474-1A3956D46DE8}") = "Solution Items", "Solution Items", "{D6BEAB10-FA9E-421D-A7E6-ED1F5203B96F}"
	ProjectSection(SolutionItems) = preProject
		Directory.Build.props = Directory.Build.props
	EndProjectSection
EndProject
Project("{9A19103F-16F7-4668-BE54-9A1E7A4F7556}") = "lib.remnant2.analyzer", "..\lib.remnant2.analyzer\lib.remnant2.analyzer-dev.csproj", "{CE862360-5794-4F1B-84BD-C96A4DDC6848}"
EndProject
Project("{9A19103F-16F7-4668-BE54-9A1E7A4F7556}") = "lib.remnant2.saves", "..\lib.remnant2.saves\lib.remnant2.saves\lib.remnant2.saves.csproj", "{DC3BA0A4-D27F-4DD9-806E-4C5FF61586B2}"
EndProject
Global
	GlobalSection(SolutionConfigurationPlatforms) = preSolution
		Debug|Any CPU = Debug|Any CPU
		Release|Any CPU = Release|Any CPU
	EndGlobalSection
	GlobalSection(ProjectConfigurationPlatforms) = postSolution
		{61D7EC72-AB05-43AE-943E-066C4F1F1520}.Debug|Any CPU.ActiveCfg = Debug|Any CPU
		{61D7EC72-AB05-43AE-943E-066C4F1F1520}.Debug|Any CPU.Build.0 = Debug|Any CPU
		{61D7EC72-AB05-43AE-943E-066C4F1F1520}.Release|Any CPU.ActiveCfg = Release|Any CPU
		{61D7EC72-AB05-43AE-943E-066C4F1F1520}.Release|Any CPU.Build.0 = Release|Any CPU
		{CE862360-5794-4F1B-84BD-C96A4DDC6848}.Debug|Any CPU.ActiveCfg = Debug|Any CPU
		{CE862360-5794-4F1B-84BD-C96A4DDC6848}.Debug|Any CPU.Build.0 = Debug|Any CPU
		{CE862360-5794-4F1B-84BD-C96A4DDC6848}.Release|Any CPU.ActiveCfg = Release|Any CPU
		{CE862360-5794-4F1B-84BD-C96A4DDC6848}.Release|Any CPU.Build.0 = Release|Any CPU
		{DC3BA0A4-D27F-4DD9-806E-4C5FF61586B2}.Debug|Any CPU.ActiveCfg = Debug|Any CPU
		{DC3BA0A4-D27F-4DD9-806E-4C5FF61586B2}.Debug|Any CPU.Build.0 = Debug|Any CPU
		{DC3BA0A4-D27F-4DD9-806E-4C5FF61586B2}.Release|Any CPU.ActiveCfg = Release|Any CPU
		{DC3BA0A4-D27F-4DD9-806E-4C5FF61586B2}.Release|Any CPU.Build.0 = Release|Any CPU
	EndGlobalSection
	GlobalSection(SolutionProperties) = preSolution
		HideSolutionNode = FALSE
	EndGlobalSection
	GlobalSection(ExtensibilityGlobals) = postSolution
		SolutionGuid = {E8790D64-B056-44FA-898D-43526F95A868}
	EndGlobalSection
EndGlobal
